// !$*UTF8*$!
{
	archiveVersion = 1;
	classes = {
	};
	objectVersion = 55;
	objects = {

/* Begin PBXBuildFile section */
		3006805A28096ADC008B7465 /* Models.swift in Sources */ = {isa = PBXBuildFile; fileRef = 3006805928096ADC008B7465 /* Models.swift */; };
		3006805C28096CD3008B7465 /* CryptoTableViewCell.swift in Sources */ = {isa = PBXBuildFile; fileRef = 3006805B28096CD3008B7465 /* CryptoTableViewCell.swift */; };
		3006805E28098744008B7465 /* APICaller.swift in Sources */ = {isa = PBXBuildFile; fileRef = 3006805D28098744008B7465 /* APICaller.swift */; };
		30234039281E8BB400EFF92F /* TabBarController.swift in Sources */ = {isa = PBXBuildFile; fileRef = 30234038281E8BB400EFF92F /* TabBarController.swift */; };
		30276BE3281A9E54009C7B8F /* ProfileViewController.swift in Sources */ = {isa = PBXBuildFile; fileRef = 30276BE2281A9E54009C7B8F /* ProfileViewController.swift */; };
		30276BE5281A9E63009C7B8F /* IdeasViewController.swift in Sources */ = {isa = PBXBuildFile; fileRef = 30276BE4281A9E63009C7B8F /* IdeasViewController.swift */; };
		30276BE7281A9E70009C7B8F /* EducationViewController.swift in Sources */ = {isa = PBXBuildFile; fileRef = 30276BE6281A9E70009C7B8F /* EducationViewController.swift */; };
		30276BE9281A9E8B009C7B8F /* WatchListViewController.swift in Sources */ = {isa = PBXBuildFile; fileRef = 30276BE8281A9E8B009C7B8F /* WatchListViewController.swift */; };
		306DC53828095F65004FF115 /* AppDelegate.swift in Sources */ = {isa = PBXBuildFile; fileRef = 306DC53728095F65004FF115 /* AppDelegate.swift */; };
		306DC53A28095F65004FF115 /* SceneDelegate.swift in Sources */ = {isa = PBXBuildFile; fileRef = 306DC53928095F65004FF115 /* SceneDelegate.swift */; };
		306DC53C28095F65004FF115 /* СryptoListViewController.swift in Sources */ = {isa = PBXBuildFile; fileRef = 306DC53B28095F65004FF115 /* СryptoListViewController.swift */; };
		306DC53F28095F65004FF115 /* Main.storyboard in Resources */ = {isa = PBXBuildFile; fileRef = 306DC53D28095F65004FF115 /* Main.storyboard */; };
		306DC54228095F65004FF115 /* Investor.xcdatamodeld in Sources */ = {isa = PBXBuildFile; fileRef = 306DC54028095F65004FF115 /* Investor.xcdatamodeld */; };
		306DC54428095F67004FF115 /* Assets.xcassets in Resources */ = {isa = PBXBuildFile; fileRef = 306DC54328095F67004FF115 /* Assets.xcassets */; };
		306DC54728095F67004FF115 /* LaunchScreen.storyboard in Resources */ = {isa = PBXBuildFile; fileRef = 306DC54528095F67004FF115 /* LaunchScreen.storyboard */; };
		306DC55228095F67004FF115 /* InvestorTests.swift in Sources */ = {isa = PBXBuildFile; fileRef = 306DC55128095F67004FF115 /* InvestorTests.swift */; };
		306DC55C28095F67004FF115 /* InvestorUITests.swift in Sources */ = {isa = PBXBuildFile; fileRef = 306DC55B28095F67004FF115 /* InvestorUITests.swift */; };
		306DC55E28095F67004FF115 /* InvestorUITestsLaunchTests.swift in Sources */ = {isa = PBXBuildFile; fileRef = 306DC55D28095F67004FF115 /* InvestorUITestsLaunchTests.swift */; };
		30716BA6281C9E0F0085CD1E /* AuthViewController.swift in Sources */ = {isa = PBXBuildFile; fileRef = 30716BA5281C9E0F0085CD1E /* AuthViewController.swift */; };
		30716BA8281CA0790085CD1E /* AuthSwiftUI.swift in Sources */ = {isa = PBXBuildFile; fileRef = 30716BA7281CA0790085CD1E /* AuthSwiftUI.swift */; };
/* End PBXBuildFile section */

/* Begin PBXContainerItemProxy section */
		306DC54E28095F67004FF115 /* PBXContainerItemProxy */ = {
			isa = PBXContainerItemProxy;
			containerPortal = 306DC52C28095F65004FF115 /* Project object */;
			proxyType = 1;
			remoteGlobalIDString = 306DC53328095F65004FF115;
			remoteInfo = Investor;
		};
		306DC55828095F67004FF115 /* PBXContainerItemProxy */ = {
			isa = PBXContainerItemProxy;
			containerPortal = 306DC52C28095F65004FF115 /* Project object */;
			proxyType = 1;
			remoteGlobalIDString = 306DC53328095F65004FF115;
			remoteInfo = Investor;
		};
/* End PBXContainerItemProxy section */

/* Begin PBXFileReference section */
		3006805928096ADC008B7465 /* Models.swift */ = {isa = PBXFileReference; lastKnownFileType = sourcecode.swift; path = Models.swift; sourceTree = "<group>"; };
		3006805B28096CD3008B7465 /* CryptoTableViewCell.swift */ = {isa = PBXFileReference; lastKnownFileType = sourcecode.swift; path = CryptoTableViewCell.swift; sourceTree = "<group>"; };
		3006805D28098744008B7465 /* APICaller.swift */ = {isa = PBXFileReference; lastKnownFileType = sourcecode.swift; path = APICaller.swift; sourceTree = "<group>"; };
		30234038281E8BB400EFF92F /* TabBarController.swift */ = {isa = PBXFileReference; lastKnownFileType = sourcecode.swift; path = TabBarController.swift; sourceTree = "<group>"; };
		30276BE2281A9E54009C7B8F /* ProfileViewController.swift */ = {isa = PBXFileReference; lastKnownFileType = sourcecode.swift; path = ProfileViewController.swift; sourceTree = "<group>"; };
		30276BE4281A9E63009C7B8F /* IdeasViewController.swift */ = {isa = PBXFileReference; lastKnownFileType = sourcecode.swift; path = IdeasViewController.swift; sourceTree = "<group>"; };
		30276BE6281A9E70009C7B8F /* EducationViewController.swift */ = {isa = PBXFileReference; lastKnownFileType = sourcecode.swift; path = EducationViewController.swift; sourceTree = "<group>"; };
		30276BE8281A9E8B009C7B8F /* WatchListViewController.swift */ = {isa = PBXFileReference; lastKnownFileType = sourcecode.swift; path = WatchListViewController.swift; sourceTree = "<group>"; };
		306DC53428095F65004FF115 /* Investor.app */ = {isa = PBXFileReference; explicitFileType = wrapper.application; includeInIndex = 0; path = Investor.app; sourceTree = BUILT_PRODUCTS_DIR; };
		306DC53728095F65004FF115 /* AppDelegate.swift */ = {isa = PBXFileReference; lastKnownFileType = sourcecode.swift; path = AppDelegate.swift; sourceTree = "<group>"; };
		306DC53928095F65004FF115 /* SceneDelegate.swift */ = {isa = PBXFileReference; lastKnownFileType = sourcecode.swift; path = SceneDelegate.swift; sourceTree = "<group>"; };
		306DC53B28095F65004FF115 /* СryptoListViewController.swift */ = {isa = PBXFileReference; lastKnownFileType = sourcecode.swift; path = "СryptoListViewController.swift"; sourceTree = "<group>"; };
		306DC53E28095F65004FF115 /* Base */ = {isa = PBXFileReference; lastKnownFileType = file.storyboard; name = Base; path = Base.lproj/Main.storyboard; sourceTree = "<group>"; };
		306DC54128095F65004FF115 /* Investor.xcdatamodel */ = {isa = PBXFileReference; lastKnownFileType = wrapper.xcdatamodel; path = Investor.xcdatamodel; sourceTree = "<group>"; };
		306DC54328095F67004FF115 /* Assets.xcassets */ = {isa = PBXFileReference; lastKnownFileType = folder.assetcatalog; path = Assets.xcassets; sourceTree = "<group>"; };
		306DC54628095F67004FF115 /* Base */ = {isa = PBXFileReference; lastKnownFileType = file.storyboard; name = Base; path = Base.lproj/LaunchScreen.storyboard; sourceTree = "<group>"; };
		306DC54828095F67004FF115 /* Info.plist */ = {isa = PBXFileReference; lastKnownFileType = text.plist.xml; path = Info.plist; sourceTree = "<group>"; };
		306DC54D28095F67004FF115 /* InvestorTests.xctest */ = {isa = PBXFileReference; explicitFileType = wrapper.cfbundle; includeInIndex = 0; path = InvestorTests.xctest; sourceTree = BUILT_PRODUCTS_DIR; };
		306DC55128095F67004FF115 /* InvestorTests.swift */ = {isa = PBXFileReference; lastKnownFileType = sourcecode.swift; path = InvestorTests.swift; sourceTree = "<group>"; };
		306DC55728095F67004FF115 /* InvestorUITests.xctest */ = {isa = PBXFileReference; explicitFileType = wrapper.cfbundle; includeInIndex = 0; path = InvestorUITests.xctest; sourceTree = BUILT_PRODUCTS_DIR; };
		306DC55B28095F67004FF115 /* InvestorUITests.swift */ = {isa = PBXFileReference; lastKnownFileType = sourcecode.swift; path = InvestorUITests.swift; sourceTree = "<group>"; };
		306DC55D28095F67004FF115 /* InvestorUITestsLaunchTests.swift */ = {isa = PBXFileReference; lastKnownFileType = sourcecode.swift; path = InvestorUITestsLaunchTests.swift; sourceTree = "<group>"; };
		30716BA5281C9E0F0085CD1E /* AuthViewController.swift */ = {isa = PBXFileReference; lastKnownFileType = sourcecode.swift; path = AuthViewController.swift; sourceTree = "<group>"; };
		30716BA7281CA0790085CD1E /* AuthSwiftUI.swift */ = {isa = PBXFileReference; lastKnownFileType = sourcecode.swift; path = AuthSwiftUI.swift; sourceTree = "<group>"; };
/* End PBXFileReference section */

/* Begin PBXFrameworksBuildPhase section */
		306DC53128095F65004FF115 /* Frameworks */ = {
			isa = PBXFrameworksBuildPhase;
			buildActionMask = 2147483647;
			files = (
			);
			runOnlyForDeploymentPostprocessing = 0;
		};
		306DC54A28095F67004FF115 /* Frameworks */ = {
			isa = PBXFrameworksBuildPhase;
			buildActionMask = 2147483647;
			files = (
			);
			runOnlyForDeploymentPostprocessing = 0;
		};
		306DC55428095F67004FF115 /* Frameworks */ = {
			isa = PBXFrameworksBuildPhase;
			buildActionMask = 2147483647;
			files = (
			);
			runOnlyForDeploymentPostprocessing = 0;
		};
/* End PBXFrameworksBuildPhase section */

/* Begin PBXGroup section */
		30276BEA281A9FD8009C7B8F /* ViewControllers */ = {
			isa = PBXGroup;
			children = (
				30716BA7281CA0790085CD1E /* AuthSwiftUI.swift */,
				30234038281E8BB400EFF92F /* TabBarController.swift */,
				30716BA5281C9E0F0085CD1E /* AuthViewController.swift */,
				30276BE4281A9E63009C7B8F /* IdeasViewController.swift */,
				30276BE8281A9E8B009C7B8F /* WatchListViewController.swift */,
				30276BE6281A9E70009C7B8F /* EducationViewController.swift */,
				30276BE2281A9E54009C7B8F /* ProfileViewController.swift */,
			);
			path = ViewControllers;
			sourceTree = "<group>";
		};
		306DC52B28095F65004FF115 = {
			isa = PBXGroup;
			children = (
				306DC53628095F65004FF115 /* Investor */,
				306DC55028095F67004FF115 /* InvestorTests */,
				306DC55A28095F67004FF115 /* InvestorUITests */,
				306DC53528095F65004FF115 /* Products */,
			);
			sourceTree = "<group>";
		};
		306DC53528095F65004FF115 /* Products */ = {
			isa = PBXGroup;
			children = (
				306DC53428095F65004FF115 /* Investor.app */,
				306DC54D28095F67004FF115 /* InvestorTests.xctest */,
				306DC55728095F67004FF115 /* InvestorUITests.xctest */,
			);
			name = Products;
			sourceTree = "<group>";
		};
		306DC53628095F65004FF115 /* Investor */ = {
			isa = PBXGroup;
			children = (
				306DC53728095F65004FF115 /* AppDelegate.swift */,
				306DC53928095F65004FF115 /* SceneDelegate.swift */,
				306DC53B28095F65004FF115 /* СryptoListViewController.swift */,
				3006805B28096CD3008B7465 /* CryptoTableViewCell.swift */,
				306DC53D28095F65004FF115 /* Main.storyboard */,
				30276BEA281A9FD8009C7B8F /* ViewControllers */,
				3006805928096ADC008B7465 /* Models.swift */,
				3006805D28098744008B7465 /* APICaller.swift */,
				306DC54328095F67004FF115 /* Assets.xcassets */,
				306DC54528095F67004FF115 /* LaunchScreen.storyboard */,
				306DC54828095F67004FF115 /* Info.plist */,
				306DC54028095F65004FF115 /* Investor.xcdatamodeld */,
			);
			path = Investor;
			sourceTree = "<group>";
		};
		306DC55028095F67004FF115 /* InvestorTests */ = {
			isa = PBXGroup;
			children = (
				306DC55128095F67004FF115 /* InvestorTests.swift */,
			);
			path = InvestorTests;
			sourceTree = "<group>";
		};
		306DC55A28095F67004FF115 /* InvestorUITests */ = {
			isa = PBXGroup;
			children = (
				306DC55B28095F67004FF115 /* InvestorUITests.swift */,
				306DC55D28095F67004FF115 /* InvestorUITestsLaunchTests.swift */,
			);
			path = InvestorUITests;
			sourceTree = "<group>";
		};
/* End PBXGroup section */

/* Begin PBXNativeTarget section */
		306DC53328095F65004FF115 /* Investor */ = {
			isa = PBXNativeTarget;
			buildConfigurationList = 306DC56128095F67004FF115 /* Build configuration list for PBXNativeTarget "Investor" */;
			buildPhases = (
				306DC53028095F65004FF115 /* Sources */,
				306DC53128095F65004FF115 /* Frameworks */,
				306DC53228095F65004FF115 /* Resources */,
			);
			buildRules = (
			);
			dependencies = (
			);
			name = Investor;
			productName = Investor;
			productReference = 306DC53428095F65004FF115 /* Investor.app */;
			productType = "com.apple.product-type.application";
		};
		306DC54C28095F67004FF115 /* InvestorTests */ = {
			isa = PBXNativeTarget;
			buildConfigurationList = 306DC56428095F67004FF115 /* Build configuration list for PBXNativeTarget "InvestorTests" */;
			buildPhases = (
				306DC54928095F67004FF115 /* Sources */,
				306DC54A28095F67004FF115 /* Frameworks */,
				306DC54B28095F67004FF115 /* Resources */,
			);
			buildRules = (
			);
			dependencies = (
				306DC54F28095F67004FF115 /* PBXTargetDependency */,
			);
			name = InvestorTests;
			productName = InvestorTests;
			productReference = 306DC54D28095F67004FF115 /* InvestorTests.xctest */;
			productType = "com.apple.product-type.bundle.unit-test";
		};
		306DC55628095F67004FF115 /* InvestorUITests */ = {
			isa = PBXNativeTarget;
			buildConfigurationList = 306DC56728095F67004FF115 /* Build configuration list for PBXNativeTarget "InvestorUITests" */;
			buildPhases = (
				306DC55328095F67004FF115 /* Sources */,
				306DC55428095F67004FF115 /* Frameworks */,
				306DC55528095F67004FF115 /* Resources */,
			);
			buildRules = (
			);
			dependencies = (
				306DC55928095F67004FF115 /* PBXTargetDependency */,
			);
			name = InvestorUITests;
			productName = InvestorUITests;
			productReference = 306DC55728095F67004FF115 /* InvestorUITests.xctest */;
			productType = "com.apple.product-type.bundle.ui-testing";
		};
/* End PBXNativeTarget section */

/* Begin PBXProject section */
		306DC52C28095F65004FF115 /* Project object */ = {
			isa = PBXProject;
			attributes = {
				BuildIndependentTargetsInParallel = 1;
				LastSwiftUpdateCheck = 1320;
				LastUpgradeCheck = 1320;
				TargetAttributes = {
					306DC53328095F65004FF115 = {
						CreatedOnToolsVersion = 13.2.1;
					};
					306DC54C28095F67004FF115 = {
						CreatedOnToolsVersion = 13.2.1;
						TestTargetID = 306DC53328095F65004FF115;
					};
					306DC55628095F67004FF115 = {
						CreatedOnToolsVersion = 13.2.1;
						TestTargetID = 306DC53328095F65004FF115;
					};
				};
			};
			buildConfigurationList = 306DC52F28095F65004FF115 /* Build configuration list for PBXProject "Investor" */;
			compatibilityVersion = "Xcode 13.0";
			developmentRegion = en;
			hasScannedForEncodings = 0;
			knownRegions = (
				en,
				Base,
			);
			mainGroup = 306DC52B28095F65004FF115;
			productRefGroup = 306DC53528095F65004FF115 /* Products */;
			projectDirPath = "";
			projectRoot = "";
			targets = (
				306DC53328095F65004FF115 /* Investor */,
				306DC54C28095F67004FF115 /* InvestorTests */,
				306DC55628095F67004FF115 /* InvestorUITests */,
			);
		};
/* End PBXProject section */

/* Begin PBXResourcesBuildPhase section */
		306DC53228095F65004FF115 /* Resources */ = {
			isa = PBXResourcesBuildPhase;
			buildActionMask = 2147483647;
			files = (
				306DC54728095F67004FF115 /* LaunchScreen.storyboard in Resources */,
				306DC54428095F67004FF115 /* Assets.xcassets in Resources */,
				306DC53F28095F65004FF115 /* Main.storyboard in Resources */,
			);
			runOnlyForDeploymentPostprocessing = 0;
		};
		306DC54B28095F67004FF115 /* Resources */ = {
			isa = PBXResourcesBuildPhase;
			buildActionMask = 2147483647;
			files = (
			);
			runOnlyForDeploymentPostprocessing = 0;
		};
		306DC55528095F67004FF115 /* Resources */ = {
			isa = PBXResourcesBuildPhase;
			buildActionMask = 2147483647;
			files = (
			);
			runOnlyForDeploymentPostprocessing = 0;
		};
/* End PBXResourcesBuildPhase section */

/* Begin PBXSourcesBuildPhase section */
		306DC53028095F65004FF115 /* Sources */ = {
			isa = PBXSourcesBuildPhase;
			buildActionMask = 2147483647;
			files = (
				306DC53C28095F65004FF115 /* СryptoListViewController.swift in Sources */,
				306DC53828095F65004FF115 /* AppDelegate.swift in Sources */,
				3006805C28096CD3008B7465 /* CryptoTableViewCell.swift in Sources */,
				30276BE5281A9E63009C7B8F /* IdeasViewController.swift in Sources */,
				30716BA6281C9E0F0085CD1E /* AuthViewController.swift in Sources */,
				3006805E28098744008B7465 /* APICaller.swift in Sources */,
				306DC53A28095F65004FF115 /* SceneDelegate.swift in Sources */,
				306DC54228095F65004FF115 /* Investor.xcdatamodeld in Sources */,
				30276BE3281A9E54009C7B8F /* ProfileViewController.swift in Sources */,
				30276BE7281A9E70009C7B8F /* EducationViewController.swift in Sources */,
				3006805A28096ADC008B7465 /* Models.swift in Sources */,
				30234039281E8BB400EFF92F /* TabBarController.swift in Sources */,
				30716BA8281CA0790085CD1E /* AuthSwiftUI.swift in Sources */,
				30276BE9281A9E8B009C7B8F /* WatchListViewController.swift in Sources */,
			);
			runOnlyForDeploymentPostprocessing = 0;
		};
		306DC54928095F67004FF115 /* Sources */ = {
			isa = PBXSourcesBuildPhase;
			buildActionMask = 2147483647;
			files = (
				306DC55228095F67004FF115 /* InvestorTests.swift in Sources */,
			);
			runOnlyForDeploymentPostprocessing = 0;
		};
		306DC55328095F67004FF115 /* Sources */ = {
			isa = PBXSourcesBuildPhase;
			buildActionMask = 2147483647;
			files = (
				306DC55E28095F67004FF115 /* InvestorUITestsLaunchTests.swift in Sources */,
				306DC55C28095F67004FF115 /* InvestorUITests.swift in Sources */,
			);
			runOnlyForDeploymentPostprocessing = 0;
		};
/* End PBXSourcesBuildPhase section */

/* Begin PBXTargetDependency section */
		306DC54F28095F67004FF115 /* PBXTargetDependency */ = {
			isa = PBXTargetDependency;
			target = 306DC53328095F65004FF115 /* Investor */;
			targetProxy = 306DC54E28095F67004FF115 /* PBXContainerItemProxy */;
		};
		306DC55928095F67004FF115 /* PBXTargetDependency */ = {
			isa = PBXTargetDependency;
			target = 306DC53328095F65004FF115 /* Investor */;
			targetProxy = 306DC55828095F67004FF115 /* PBXContainerItemProxy */;
		};
/* End PBXTargetDependency section */

/* Begin PBXVariantGroup section */
		306DC53D28095F65004FF115 /* Main.storyboard */ = {
			isa = PBXVariantGroup;
			children = (
				306DC53E28095F65004FF115 /* Base */,
			);
			name = Main.storyboard;
			sourceTree = "<group>";
		};
		306DC54528095F67004FF115 /* LaunchScreen.storyboard */ = {
			isa = PBXVariantGroup;
			children = (
				306DC54628095F67004FF115 /* Base */,
			);
			name = LaunchScreen.storyboard;
			sourceTree = "<group>";
		};
/* End PBXVariantGroup section */

/* Begin XCBuildConfiguration section */
		306DC55F28095F67004FF115 /* Debug */ = {
			isa = XCBuildConfiguration;
			buildSettings = {
				ALWAYS_SEARCH_USER_PATHS = NO;
				CLANG_ANALYZER_NONNULL = YES;
				CLANG_ANALYZER_NUMBER_OBJECT_CONVERSION = YES_AGGRESSIVE;
				CLANG_CXX_LANGUAGE_STANDARD = "gnu++17";
				CLANG_CXX_LIBRARY = "libc++";
				CLANG_ENABLE_MODULES = YES;
				CLANG_ENABLE_OBJC_ARC = YES;
				CLANG_ENABLE_OBJC_WEAK = YES;
				CLANG_WARN_BLOCK_CAPTURE_AUTORELEASING = YES;
				CLANG_WARN_BOOL_CONVERSION = YES;
				CLANG_WARN_COMMA = YES;
				CLANG_WARN_CONSTANT_CONVERSION = YES;
				CLANG_WARN_DEPRECATED_OBJC_IMPLEMENTATIONS = YES;
				CLANG_WARN_DIRECT_OBJC_ISA_USAGE = YES_ERROR;
				CLANG_WARN_DOCUMENTATION_COMMENTS = YES;
				CLANG_WARN_EMPTY_BODY = YES;
				CLANG_WARN_ENUM_CONVERSION = YES;
				CLANG_WARN_INFINITE_RECURSION = YES;
				CLANG_WARN_INT_CONVERSION = YES;
				CLANG_WARN_NON_LITERAL_NULL_CONVERSION = YES;
				CLANG_WARN_OBJC_IMPLICIT_RETAIN_SELF = YES;
				CLANG_WARN_OBJC_LITERAL_CONVERSION = YES;
				CLANG_WARN_OBJC_ROOT_CLASS = YES_ERROR;
				CLANG_WARN_QUOTED_INCLUDE_IN_FRAMEWORK_HEADER = YES;
				CLANG_WARN_RANGE_LOOP_ANALYSIS = YES;
				CLANG_WARN_STRICT_PROTOTYPES = YES;
				CLANG_WARN_SUSPICIOUS_MOVE = YES;
				CLANG_WARN_UNGUARDED_AVAILABILITY = YES_AGGRESSIVE;
				CLANG_WARN_UNREACHABLE_CODE = YES;
				CLANG_WARN__DUPLICATE_METHOD_MATCH = YES;
				COPY_PHASE_STRIP = NO;
				DEBUG_INFORMATION_FORMAT = dwarf;
				ENABLE_STRICT_OBJC_MSGSEND = YES;
				ENABLE_TESTABILITY = YES;
				GCC_C_LANGUAGE_STANDARD = gnu11;
				GCC_DYNAMIC_NO_PIC = NO;
				GCC_NO_COMMON_BLOCKS = YES;
				GCC_OPTIMIZATION_LEVEL = 0;
				GCC_PREPROCESSOR_DEFINITIONS = (
					"DEBUG=1",
					"$(inherited)",
				);
				GCC_WARN_64_TO_32_BIT_CONVERSION = YES;
				GCC_WARN_ABOUT_RETURN_TYPE = YES_ERROR;
				GCC_WARN_UNDECLARED_SELECTOR = YES;
				GCC_WARN_UNINITIALIZED_AUTOS = YES_AGGRESSIVE;
				GCC_WARN_UNUSED_FUNCTION = YES;
				GCC_WARN_UNUSED_VARIABLE = YES;
				IPHONEOS_DEPLOYMENT_TARGET = 15.2;
				MTL_ENABLE_DEBUG_INFO = INCLUDE_SOURCE;
				MTL_FAST_MATH = YES;
				ONLY_ACTIVE_ARCH = YES;
				SDKROOT = iphoneos;
				SWIFT_ACTIVE_COMPILATION_CONDITIONS = DEBUG;
				SWIFT_OPTIMIZATION_LEVEL = "-Onone";
			};
			name = Debug;
		};
		306DC56028095F67004FF115 /* Release */ = {
			isa = XCBuildConfiguration;
			buildSettings = {
				ALWAYS_SEARCH_USER_PATHS = NO;
				CLANG_ANALYZER_NONNULL = YES;
				CLANG_ANALYZER_NUMBER_OBJECT_CONVERSION = YES_AGGRESSIVE;
				CLANG_CXX_LANGUAGE_STANDARD = "gnu++17";
				CLANG_CXX_LIBRARY = "libc++";
				CLANG_ENABLE_MODULES = YES;
				CLANG_ENABLE_OBJC_ARC = YES;
				CLANG_ENABLE_OBJC_WEAK = YES;
				CLANG_WARN_BLOCK_CAPTURE_AUTORELEASING = YES;
				CLANG_WARN_BOOL_CONVERSION = YES;
				CLANG_WARN_COMMA = YES;
				CLANG_WARN_CONSTANT_CONVERSION = YES;
				CLANG_WARN_DEPRECATED_OBJC_IMPLEMENTATIONS = YES;
				CLANG_WARN_DIRECT_OBJC_ISA_USAGE = YES_ERROR;
				CLANG_WARN_DOCUMENTATION_COMMENTS = YES;
				CLANG_WARN_EMPTY_BODY = YES;
				CLANG_WARN_ENUM_CONVERSION = YES;
				CLANG_WARN_INFINITE_RECURSION = YES;
				CLANG_WARN_INT_CONVERSION = YES;
				CLANG_WARN_NON_LITERAL_NULL_CONVERSION = YES;
				CLANG_WARN_OBJC_IMPLICIT_RETAIN_SELF = YES;
				CLANG_WARN_OBJC_LITERAL_CONVERSION = YES;
				CLANG_WARN_OBJC_ROOT_CLASS = YES_ERROR;
				CLANG_WARN_QUOTED_INCLUDE_IN_FRAMEWORK_HEADER = YES;
				CLANG_WARN_RANGE_LOOP_ANALYSIS = YES;
				CLANG_WARN_STRICT_PROTOTYPES = YES;
				CLANG_WARN_SUSPICIOUS_MOVE = YES;
				CLANG_WARN_UNGUARDED_AVAILABILITY = YES_AGGRESSIVE;
				CLANG_WARN_UNREACHABLE_CODE = YES;
				CLANG_WARN__DUPLICATE_METHOD_MATCH = YES;
				COPY_PHASE_STRIP = NO;
				DEBUG_INFORMATION_FORMAT = "dwarf-with-dsym";
				ENABLE_NS_ASSERTIONS = NO;
				ENABLE_STRICT_OBJC_MSGSEND = YES;
				GCC_C_LANGUAGE_STANDARD = gnu11;
				GCC_NO_COMMON_BLOCKS = YES;
				GCC_WARN_64_TO_32_BIT_CONVERSION = YES;
				GCC_WARN_ABOUT_RETURN_TYPE = YES_ERROR;
				GCC_WARN_UNDECLARED_SELECTOR = YES;
				GCC_WARN_UNINITIALIZED_AUTOS = YES_AGGRESSIVE;
				GCC_WARN_UNUSED_FUNCTION = YES;
				GCC_WARN_UNUSED_VARIABLE = YES;
				IPHONEOS_DEPLOYMENT_TARGET = 15.2;
				MTL_ENABLE_DEBUG_INFO = NO;
				MTL_FAST_MATH = YES;
				SDKROOT = iphoneos;
				SWIFT_COMPILATION_MODE = wholemodule;
				SWIFT_OPTIMIZATION_LEVEL = "-O";
				VALIDATE_PRODUCT = YES;
			};
			name = Release;
		};
		306DC56228095F67004FF115 /* Debug */ = {
			isa = XCBuildConfiguration;
			buildSettings = {
				ASSETCATALOG_COMPILER_APPICON_NAME = AppIcon;
				ASSETCATALOG_COMPILER_GLOBAL_ACCENT_COLOR_NAME = AccentColor;
				CODE_SIGN_STYLE = Automatic;
				CURRENT_PROJECT_VERSION = 1;
				DEVELOPMENT_TEAM = SC63T9624N;
				GENERATE_INFOPLIST_FILE = YES;
				INFOPLIST_FILE = Investor/Info.plist;
				INFOPLIST_KEY_CFBundleDisplayName = 300$;
				INFOPLIST_KEY_UIApplicationSupportsIndirectInputEvents = YES;
				INFOPLIST_KEY_UILaunchStoryboardName = LaunchScreen;
				INFOPLIST_KEY_UIMainStoryboardFile = Main;
				INFOPLIST_KEY_UISupportedInterfaceOrientations_iPad = "UIInterfaceOrientationPortrait UIInterfaceOrientationPortraitUpsideDown UIInterfaceOrientationLandscapeLeft UIInterfaceOrientationLandscapeRight";
				INFOPLIST_KEY_UISupportedInterfaceOrientations_iPhone = "UIInterfaceOrientationPortrait UIInterfaceOrientationLandscapeLeft UIInterfaceOrientationLandscapeRight";
				LD_RUNPATH_SEARCH_PATHS = (
					"$(inherited)",
					"@executable_path/Frameworks",
				);
				MARKETING_VERSION = 1.0;
				PRODUCT_BUNDLE_IDENTIFIER = AlexKazemirov.Investor;
				PRODUCT_NAME = "$(TARGET_NAME)";
				SWIFT_EMIT_LOC_STRINGS = YES;
				SWIFT_VERSION = 5.0;
				TARGETED_DEVICE_FAMILY = "1,2";
			};
			name = Debug;
		};
		306DC56328095F67004FF115 /* Release */ = {
			isa = XCBuildConfiguration;
			buildSettings = {
				ASSETCATALOG_COMPILER_APPICON_NAME = AppIcon;
				ASSETCATALOG_COMPILER_GLOBAL_ACCENT_COLOR_NAME = AccentColor;
				CODE_SIGN_STYLE = Automatic;
				CURRENT_PROJECT_VERSION = 1;
				DEVELOPMENT_TEAM = SC63T9624N;
				GENERATE_INFOPLIST_FILE = YES;
				INFOPLIST_FILE = Investor/Info.plist;
				INFOPLIST_KEY_CFBundleDisplayName = 300$;
				INFOPLIST_KEY_UIApplicationSupportsIndirectInputEvents = YES;
				INFOPLIST_KEY_UILaunchStoryboardName = LaunchScreen;
				INFOPLIST_KEY_UIMainStoryboardFile = Main;
				INFOPLIST_KEY_UISupportedInterfaceOrientations_iPad = "UIInterfaceOrientationPortrait UIInterfaceOrientationPortraitUpsideDown UIInterfaceOrientationLandscapeLeft UIInterfaceOrientationLandscapeRight";
				INFOPLIST_KEY_UISupportedInterfaceOrientations_iPhone = "UIInterfaceOrientationPortrait UIInterfaceOrientationLandscapeLeft UIInterfaceOrientationLandscapeRight";
				LD_RUNPATH_SEARCH_PATHS = (
					"$(inherited)",
					"@executable_path/Frameworks",
				);
				MARKETING_VERSION = 1.0;
				PRODUCT_BUNDLE_IDENTIFIER = AlexKazemirov.Investor;
				PRODUCT_NAME = "$(TARGET_NAME)";
				SWIFT_EMIT_LOC_STRINGS = YES;
				SWIFT_VERSION = 5.0;
				TARGETED_DEVICE_FAMILY = "1,2";
			};
			name = Release;
		};
		306DC56528095F67004FF115 /* Debug */ = {
			isa = XCBuildConfiguration;
			buildSettings = {
				ALWAYS_EMBED_SWIFT_STANDARD_LIBRARIES = YES;
				BUNDLE_LOADER = "$(TEST_HOST)";
				CODE_SIGN_STYLE = Automatic;
				CURRENT_PROJECT_VERSION = 1;
				DEVELOPMENT_TEAM = SC63T9624N;
				GENERATE_INFOPLIST_FILE = YES;
				IPHONEOS_DEPLOYMENT_TARGET = 15.2;
				MARKETING_VERSION = 1.0;
				PRODUCT_BUNDLE_IDENTIFIER = AlexKazemirov.InvestorTests;
				PRODUCT_NAME = "$(TARGET_NAME)";
				SWIFT_EMIT_LOC_STRINGS = NO;
				SWIFT_VERSION = 5.0;
				TARGETED_DEVICE_FAMILY = "1,2";
				TEST_HOST = "$(BUILT_PRODUCTS_DIR)/Investor.app/Investor";
			};
			name = Debug;
		};
		306DC56628095F67004FF115 /* Release */ = {
			isa = XCBuildConfiguration;
			buildSettings = {
				ALWAYS_EMBED_SWIFT_STANDARD_LIBRARIES = YES;
				BUNDLE_LOADER = "$(TEST_HOST)";
				CODE_SIGN_STYLE = Automatic;
				CURRENT_PROJECT_VERSION = 1;
				DEVELOPMENT_TEAM = SC63T9624N;
				GENERATE_INFOPLIST_FILE = YES;
				IPHONEOS_DEPLOYMENT_TARGET = 15.2;
				MARKETING_VERSION = 1.0;
				PRODUCT_BUNDLE_IDENTIFIER = AlexKazemirov.InvestorTests;
				PRODUCT_NAME = "$(TARGET_NAME)";
				SWIFT_EMIT_LOC_STRINGS = NO;
				SWIFT_VERSION = 5.0;
				TARGETED_DEVICE_FAMILY = "1,2";
				TEST_HOST = "$(BUILT_PRODUCTS_DIR)/Investor.app/Investor";
			};
			name = Release;
		};
		306DC56828095F67004FF115 /* Debug */ = {
			isa = XCBuildConfiguration;
			buildSettings = {
				ALWAYS_EMBED_SWIFT_STANDARD_LIBRARIES = YES;
				CODE_SIGN_STYLE = Automatic;
				CURRENT_PROJECT_VERSION = 1;
				DEVELOPMENT_TEAM = SC63T9624N;
				GENERATE_INFOPLIST_FILE = YES;
				MARKETING_VERSION = 1.0;
				PRODUCT_BUNDLE_IDENTIFIER = AlexKazemirov.InvestorUITests;
				PRODUCT_NAME = "$(TARGET_NAME)";
				SWIFT_EMIT_LOC_STRINGS = NO;
				SWIFT_VERSION = 5.0;
				TARGETED_DEVICE_FAMILY = "1,2";
				TEST_TARGET_NAME = Investor;
			};
			name = Debug;
		};
		306DC56928095F67004FF115 /* Release */ = {
			isa = XCBuildConfiguration;
			buildSettings = {
				ALWAYS_EMBED_SWIFT_STANDARD_LIBRARIES = YES;
				CODE_SIGN_STYLE = Automatic;
				CURRENT_PROJECT_VERSION = 1;
				DEVELOPMENT_TEAM = SC63T9624N;
				GENERATE_INFOPLIST_FILE = YES;
				MARKETING_VERSION = 1.0;
				PRODUCT_BUNDLE_IDENTIFIER = AlexKazemirov.InvestorUITests;
				PRODUCT_NAME = "$(TARGET_NAME)";
				SWIFT_EMIT_LOC_STRINGS = NO;
				SWIFT_VERSION = 5.0;
				TARGETED_DEVICE_FAMILY = "1,2";
				TEST_TARGET_NAME = Investor;
			};
			name = Release;
		};
/* End XCBuildConfiguration section */

/* Begin XCConfigurationList section */
		306DC52F28095F65004FF115 /* Build configuration list for PBXProject "Investor" */ = {
			isa = XCConfigurationList;
			buildConfigurations = (
				306DC55F28095F67004FF115 /* Debug */,
				306DC56028095F67004FF115 /* Release */,
			);
			defaultConfigurationIsVisible = 0;
			defaultConfigurationName = Release;
		};
		306DC56128095F67004FF115 /* Build configuration list for PBXNativeTarget "Investor" */ = {
			isa = XCConfigurationList;
			buildConfigurations = (
				306DC56228095F67004FF115 /* Debug */,
				306DC56328095F67004FF115 /* Release */,
			);
			defaultConfigurationIsVisible = 0;
			defaultConfigurationName = Release;
		};
		306DC56428095F67004FF115 /* Build configuration list for PBXNativeTarget "InvestorTests" */ = {
			isa = XCConfigurationList;
			buildConfigurations = (
				306DC56528095F67004FF115 /* Debug */,
				306DC56628095F67004FF115 /* Release */,
			);
			defaultConfigurationIsVisible = 0;
			defaultConfigurationName = Release;
		};
		306DC56728095F67004FF115 /* Build configuration list for PBXNativeTarget "InvestorUITests" */ = {
			isa = XCConfigurationList;
			buildConfigurations = (
				306DC56828095F67004FF115 /* Debug */,
				306DC56928095F67004FF115 /* Release */,
			);
			defaultConfigurationIsVisible = 0;
			defaultConfigurationName = Release;
		};
/* End XCConfigurationList section */

/* Begin XCVersionGroup section */
		306DC54028095F65004FF115 /* Investor.xcdatamodeld */ = {
			isa = XCVersionGroup;
			children = (
				306DC54128095F65004FF115 /* Investor.xcdatamodel */,
			);
			currentVersion = 306DC54128095F65004FF115 /* Investor.xcdatamodel */;
			path = Investor.xcdatamodeld;
			sourceTree = "<group>";
			versionGroupType = wrapper.xcdatamodel;
		};
/* End XCVersionGroup section */
	};
	rootObject = 306DC52C28095F65004FF115 /* Project object */;
}
